
Microsoft Visual Studio Solution File, Format Version 12.00
# Visual Studio Version 17
VisualStudioVersion = 17.10.35004.147
MinimumVisualStudioVersion = 10.0.40219.1
Project("{9A19103F-16F7-4668-BE54-9A1E7A4F7556}") = "BulkyWeb", "BulkyWeb\BulkyWeb.csproj", "{61830BCA-9925-4982-9079-6626A7CC7453}"
EndProject
Project("{FAE04EC0-301F-11D3-BF4B-00C04F79EFBC}") = "Bulky.DataAccess", "Bulky.DataAccess\Bulky.DataAccess.csproj", "{399A973F-04C9-477D-9A8D-0BDD17E0211B}"
EndProject
Project("{FAE04EC0-301F-11D3-BF4B-00C04F79EFBC}") = "Bulky.Utility", "Bulky.Utility\Bulky.Utility.csproj", "{DC662A89-981D-4107-893C-C6E127D8FBC0}"
EndProject
Project("{FAE04EC0-301F-11D3-BF4B-00C04F79EFBC}") = "Bulky.Models", "Bulky.Models\Bulky.Models.csproj", "{E156BC46-83D7-4E0F-909B-68FED5769442}"
EndProject
Global
	GlobalSection(SolutionConfigurationPlatforms) = preSolution
		Debug|Any CPU = Debug|Any CPU
		Release|Any CPU = Release|Any CPU
	EndGlobalSection
	GlobalSection(ProjectConfigurationPlatforms) = postSolution
		{61830BCA-9925-4982-9079-6626A7CC7453}.Debug|Any CPU.ActiveCfg = Debug|Any CPU
		{61830BCA-9925-4982-9079-6626A7CC7453}.Debug|Any CPU.Build.0 = Debug|Any CPU
		{61830BCA-9925-4982-9079-6626A7CC7453}.Release|Any CPU.ActiveCfg = Release|Any CPU
		{61830BCA-9925-4982-9079-6626A7CC7453}.Release|Any CPU.Build.0 = Release|Any CPU
		{399A973F-04C9-477D-9A8D-0BDD17E0211B}.Debug|Any CPU.ActiveCfg = Debug|Any CPU
		{399A973F-04C9-477D-9A8D-0BDD17E0211B}.Debug|Any CPU.Build.0 = Debug|Any CPU
		{399A973F-04C9-477D-9A8D-0BDD17E0211B}.Release|Any CPU.ActiveCfg = Release|Any CPU
		{399A973F-04C9-477D-9A8D-0BDD17E0211B}.Release|Any CPU.Build.0 = Release|Any CPU
		{DC662A89-981D-4107-893C-C6E127D8FBC0}.Debug|Any CPU.ActiveCfg = Debug|Any CPU
		{DC662A89-981D-4107-893C-C6E127D8FBC0}.Debug|Any CPU.Build.0 = Debug|Any CPU
		{DC662A89-981D-4107-893C-C6E127D8FBC0}.Release|Any CPU.ActiveCfg = Release|Any CPU
		{DC662A89-981D-4107-893C-C6E127D8FBC0}.Release|Any CPU.Build.0 = Release|Any CPU
		{E156BC46-83D7-4E0F-909B-68FED5769442}.Debug|Any CPU.ActiveCfg = Debug|Any CPU
		{E156BC46-83D7-4E0F-909B-68FED5769442}.Debug|Any CPU.Build.0 = Debug|Any CPU
		{E156BC46-83D7-4E0F-909B-68FED5769442}.Release|Any CPU.ActiveCfg = Release|Any CPU
		{E156BC46-83D7-4E0F-909B-68FED5769442}.Release|Any CPU.Build.0 = Release|Any CPU
	EndGlobalSection
	GlobalSection(SolutionProperties) = preSolution
		HideSolutionNode = FALSE
	EndGlobalSection
	GlobalSection(ExtensibilityGlobals) = postSolution
		SolutionGuid = {031200F3-7658-483B-B3DB-6A535FDBD1FA}
	EndGlobalSection
EndGlobal
